// !$*UTF8*$!
{
	archiveVersion = 1;
	classes = {
	};
	objectVersion = 46;
	objects = {

/* Begin PBXBuildFile section */
		2DCFF8611F9FEA3E004EF391 /* AppDelegate.swift in Sources */ = {isa = PBXBuildFile; fileRef = 2DCFF8601F9FEA3E004EF391 /* AppDelegate.swift */; };
		2DCFF8631F9FEA3E004EF391 /* ViewController.swift in Sources */ = {isa = PBXBuildFile; fileRef = 2DCFF8621F9FEA3E004EF391 /* ViewController.swift */; };
		2DCFF8661F9FEA3E004EF391 /* Main.storyboard in Resources */ = {isa = PBXBuildFile; fileRef = 2DCFF8641F9FEA3E004EF391 /* Main.storyboard */; };
		2DCFF8681F9FEA3E004EF391 /* Assets.xcassets in Resources */ = {isa = PBXBuildFile; fileRef = 2DCFF8671F9FEA3E004EF391 /* Assets.xcassets */; };
		2DCFF86B1F9FEA3E004EF391 /* LaunchScreen.storyboard in Resources */ = {isa = PBXBuildFile; fileRef = 2DCFF8691F9FEA3E004EF391 /* LaunchScreen.storyboard */; };
		2DCFF8761F9FEA3E004EF391 /* simple_ios_calcTests.swift in Sources */ = {isa = PBXBuildFile; fileRef = 2DCFF8751F9FEA3E004EF391 /* simple_ios_calcTests.swift */; };
		2DCFF8811F9FEA3E004EF391 /* simple_ios_calcUITests.swift in Sources */ = {isa = PBXBuildFile; fileRef = 2DCFF8801F9FEA3E004EF391 /* simple_ios_calcUITests.swift */; };
/* End PBXBuildFile section */

/* Begin PBXContainerItemProxy section */
		2DCFF8721F9FEA3E004EF391 /* PBXContainerItemProxy */ = {
			isa = PBXContainerItemProxy;
			containerPortal = 2DCFF8551F9FEA3E004EF391 /* Project object */;
			proxyType = 1;
			remoteGlobalIDString = 2DCFF85C1F9FEA3E004EF391;
			remoteInfo = "simple-ios-calc";
		};
		2DCFF87D1F9FEA3E004EF391 /* PBXContainerItemProxy */ = {
			isa = PBXContainerItemProxy;
			containerPortal = 2DCFF8551F9FEA3E004EF391 /* Project object */;
			proxyType = 1;
			remoteGlobalIDString = 2DCFF85C1F9FEA3E004EF391;
			remoteInfo = "simple-ios-calc";
		};
/* End PBXContainerItemProxy section */

/* Begin PBXFileReference section */
		2DCFF85D1F9FEA3E004EF391 /* simple-ios-calc.app */ = {isa = PBXFileReference; explicitFileType = wrapper.application; includeInIndex = 0; path = "simple-ios-calc.app"; sourceTree = BUILT_PRODUCTS_DIR; };
		2DCFF8601F9FEA3E004EF391 /* AppDelegate.swift */ = {isa = PBXFileReference; lastKnownFileType = sourcecode.swift; path = AppDelegate.swift; sourceTree = "<group>"; };
		2DCFF8621F9FEA3E004EF391 /* ViewController.swift */ = {isa = PBXFileReference; lastKnownFileType = sourcecode.swift; path = ViewController.swift; sourceTree = "<group>"; };
		2DCFF8651F9FEA3E004EF391 /* Base */ = {isa = PBXFileReference; lastKnownFileType = file.storyboard; name = Base; path = Base.lproj/Main.storyboard; sourceTree = "<group>"; };
		2DCFF8671F9FEA3E004EF391 /* Assets.xcassets */ = {isa = PBXFileReference; lastKnownFileType = folder.assetcatalog; path = Assets.xcassets; sourceTree = "<group>"; };
		2DCFF86A1F9FEA3E004EF391 /* Base */ = {isa = PBXFileReference; lastKnownFileType = file.storyboard; name = Base; path = Base.lproj/LaunchScreen.storyboard; sourceTree = "<group>"; };
		2DCFF86C1F9FEA3E004EF391 /* Info.plist */ = {isa = PBXFileReference; lastKnownFileType = text.plist.xml; path = Info.plist; sourceTree = "<group>"; };
		2DCFF8711F9FEA3E004EF391 /* simple-ios-calcTests.xctest */ = {isa = PBXFileReference; explicitFileType = wrapper.cfbundle; includeInIndex = 0; path = "simple-ios-calcTests.xctest"; sourceTree = BUILT_PRODUCTS_DIR; };
		2DCFF8751F9FEA3E004EF391 /* simple_ios_calcTests.swift */ = {isa = PBXFileReference; lastKnownFileType = sourcecode.swift; path = simple_ios_calcTests.swift; sourceTree = "<group>"; };
		2DCFF8771F9FEA3E004EF391 /* Info.plist */ = {isa = PBXFileReference; lastKnownFileType = text.plist.xml; path = Info.plist; sourceTree = "<group>"; };
		2DCFF87C1F9FEA3E004EF391 /* simple-ios-calcUITests.xctest */ = {isa = PBXFileReference; explicitFileType = wrapper.cfbundle; includeInIndex = 0; path = "simple-ios-calcUITests.xctest"; sourceTree = BUILT_PRODUCTS_DIR; };
		2DCFF8801F9FEA3E004EF391 /* simple_ios_calcUITests.swift */ = {isa = PBXFileReference; lastKnownFileType = sourcecode.swift; path = simple_ios_calcUITests.swift; sourceTree = "<group>"; };
		2DCFF8821F9FEA3E004EF391 /* Info.plist */ = {isa = PBXFileReference; lastKnownFileType = text.plist.xml; path = Info.plist; sourceTree = "<group>"; };
/* End PBXFileReference section */

/* Begin PBXFrameworksBuildPhase section */
		2DCFF85A1F9FEA3E004EF391 /* Frameworks */ = {
			isa = PBXFrameworksBuildPhase;
			buildActionMask = 2147483647;
			files = (
			);
			runOnlyForDeploymentPostprocessing = 0;
		};
		2DCFF86E1F9FEA3E004EF391 /* Frameworks */ = {
			isa = PBXFrameworksBuildPhase;
			buildActionMask = 2147483647;
			files = (
			);
			runOnlyForDeploymentPostprocessing = 0;
		};
		2DCFF8791F9FEA3E004EF391 /* Frameworks */ = {
			isa = PBXFrameworksBuildPhase;
			buildActionMask = 2147483647;
			files = (
			);
			runOnlyForDeploymentPostprocessing = 0;
		};
/* End PBXFrameworksBuildPhase section */

/* Begin PBXGroup section */
		2DCFF8541F9FEA3E004EF391 = {
			isa = PBXGroup;
			children = (
				2DCFF85F1F9FEA3E004EF391 /* simple-ios-calc */,
				2DCFF8741F9FEA3E004EF391 /* simple-ios-calcTests */,
				2DCFF87F1F9FEA3E004EF391 /* simple-ios-calcUITests */,
				2DCFF85E1F9FEA3E004EF391 /* Products */,
			);
			sourceTree = "<group>";
		};
		2DCFF85E1F9FEA3E004EF391 /* Products */ = {
			isa = PBXGroup;
			children = (
				2DCFF85D1F9FEA3E004EF391 /* simple-ios-calc.app */,
				2DCFF8711F9FEA3E004EF391 /* simple-ios-calcTests.xctest */,
				2DCFF87C1F9FEA3E004EF391 /* simple-ios-calcUITests.xctest */,
			);
			name = Products;
			sourceTree = "<group>";
		};
		2DCFF85F1F9FEA3E004EF391 /* simple-ios-calc */ = {
			isa = PBXGroup;
			children = (
				2DCFF8601F9FEA3E004EF391 /* AppDelegate.swift */,
				2DCFF8621F9FEA3E004EF391 /* ViewController.swift */,
				2DCFF8641F9FEA3E004EF391 /* Main.storyboard */,
				2DCFF8671F9FEA3E004EF391 /* Assets.xcassets */,
				2DCFF8691F9FEA3E004EF391 /* LaunchScreen.storyboard */,
				2DCFF86C1F9FEA3E004EF391 /* Info.plist */,
			);
			path = "simple-ios-calc";
			sourceTree = "<group>";
		};
		2DCFF8741F9FEA3E004EF391 /* simple-ios-calcTests */ = {
			isa = PBXGroup;
			children = (
				2DCFF8751F9FEA3E004EF391 /* simple_ios_calcTests.swift */,
				2DCFF8771F9FEA3E004EF391 /* Info.plist */,
			);
			path = "simple-ios-calcTests";
			sourceTree = "<group>";
		};
		2DCFF87F1F9FEA3E004EF391 /* simple-ios-calcUITests */ = {
			isa = PBXGroup;
			children = (
				2DCFF8801F9FEA3E004EF391 /* simple_ios_calcUITests.swift */,
				2DCFF8821F9FEA3E004EF391 /* Info.plist */,
			);
			path = "simple-ios-calcUITests";
			sourceTree = "<group>";
		};
/* End PBXGroup section */

/* Begin PBXNativeTarget section */
		2DCFF85C1F9FEA3E004EF391 /* simple-ios-calc */ = {
			isa = PBXNativeTarget;
			buildConfigurationList = 2DCFF8851F9FEA3E004EF391 /* Build configuration list for PBXNativeTarget "simple-ios-calc" */;
			buildPhases = (
				2DCFF8591F9FEA3E004EF391 /* Sources */,
				2DCFF85A1F9FEA3E004EF391 /* Frameworks */,
				2DCFF85B1F9FEA3E004EF391 /* Resources */,
			);
			buildRules = (
			);
			dependencies = (
			);
			name = "simple-ios-calc";
			productName = "simple-ios-calc";
			productReference = 2DCFF85D1F9FEA3E004EF391 /* simple-ios-calc.app */;
			productType = "com.apple.product-type.application";
		};
		2DCFF8701F9FEA3E004EF391 /* simple-ios-calcTests */ = {
			isa = PBXNativeTarget;
			buildConfigurationList = 2DCFF8881F9FEA3E004EF391 /* Build configuration list for PBXNativeTarget "simple-ios-calcTests" */;
			buildPhases = (
				2DCFF86D1F9FEA3E004EF391 /* Sources */,
				2DCFF86E1F9FEA3E004EF391 /* Frameworks */,
				2DCFF86F1F9FEA3E004EF391 /* Resources */,
			);
			buildRules = (
			);
			dependencies = (
				2DCFF8731F9FEA3E004EF391 /* PBXTargetDependency */,
			);
			name = "simple-ios-calcTests";
			productName = "simple-ios-calcTests";
			productReference = 2DCFF8711F9FEA3E004EF391 /* simple-ios-calcTests.xctest */;
			productType = "com.apple.product-type.bundle.unit-test";
		};
		2DCFF87B1F9FEA3E004EF391 /* simple-ios-calcUITests */ = {
			isa = PBXNativeTarget;
			buildConfigurationList = 2DCFF88B1F9FEA3E004EF391 /* Build configuration list for PBXNativeTarget "simple-ios-calcUITests" */;
			buildPhases = (
				2DCFF8781F9FEA3E004EF391 /* Sources */,
				2DCFF8791F9FEA3E004EF391 /* Frameworks */,
				2DCFF87A1F9FEA3E004EF391 /* Resources */,
			);
			buildRules = (
			);
			dependencies = (
				2DCFF87E1F9FEA3E004EF391 /* PBXTargetDependency */,
			);
			name = "simple-ios-calcUITests";
			productName = "simple-ios-calcUITests";
			productReference = 2DCFF87C1F9FEA3E004EF391 /* simple-ios-calcUITests.xctest */;
			productType = "com.apple.product-type.bundle.ui-testing";
		};
/* End PBXNativeTarget section */

/* Begin PBXProject section */
		2DCFF8551F9FEA3E004EF391 /* Project object */ = {
			isa = PBXProject;
			attributes = {
				LastSwiftUpdateCheck = 0830;
				LastUpgradeCheck = 0830;
				ORGANIZATIONNAME = "Yongjun Park";
				TargetAttributes = {
					2DCFF85C1F9FEA3E004EF391 = {
						CreatedOnToolsVersion = 8.3.3;
						ProvisioningStyle = Automatic;
					};
					2DCFF8701F9FEA3E004EF391 = {
						CreatedOnToolsVersion = 8.3.3;
						ProvisioningStyle = Automatic;
						TestTargetID = 2DCFF85C1F9FEA3E004EF391;
					};
					2DCFF87B1F9FEA3E004EF391 = {
						CreatedOnToolsVersion = 8.3.3;
						ProvisioningStyle = Automatic;
						TestTargetID = 2DCFF85C1F9FEA3E004EF391;
					};
				};
			};
			buildConfigurationList = 2DCFF8581F9FEA3E004EF391 /* Build configuration list for PBXProject "simple-ios-calc" */;
			compatibilityVersion = "Xcode 3.2";
			developmentRegion = English;
			hasScannedForEncodings = 0;
			knownRegions = (
				en,
				Base,
			);
			mainGroup = 2DCFF8541F9FEA3E004EF391;
			productRefGroup = 2DCFF85E1F9FEA3E004EF391 /* Products */;
			projectDirPath = "";
			projectRoot = "";
			targets = (
				2DCFF85C1F9FEA3E004EF391 /* simple-ios-calc */,
				2DCFF8701F9FEA3E004EF391 /* simple-ios-calcTests */,
				2DCFF87B1F9FEA3E004EF391 /* simple-ios-calcUITests */,
			);
		};
/* End PBXProject section */

/* Begin PBXResourcesBuildPhase section */
		2DCFF85B1F9FEA3E004EF391 /* Resources */ = {
			isa = PBXResourcesBuildPhase;
			buildActionMask = 2147483647;
			files = (
				2DCFF86B1F9FEA3E004EF391 /* LaunchScreen.storyboard in Resources */,
				2DCFF8681F9FEA3E004EF391 /* Assets.xcassets in Resources */,
				2DCFF8661F9FEA3E004EF391 /* Main.storyboard in Resources */,
			);
			runOnlyForDeploymentPostprocessing = 0;
		};
		2DCFF86F1F9FEA3E004EF391 /* Resources */ = {
			isa = PBXResourcesBuildPhase;
			buildActionMask = 2147483647;
			files = (
			);
			runOnlyForDeploymentPostprocessing = 0;
		};
		2DCFF87A1F9FEA3E004EF391 /* Resources */ = {
			isa = PBXResourcesBuildPhase;
			buildActionMask = 2147483647;
			files = (
			);
			runOnlyForDeploymentPostprocessing = 0;
		};
/* End PBXResourcesBuildPhase section */

/* Begin PBXSourcesBuildPhase section */
		2DCFF8591F9FEA3E004EF391 /* Sources */ = {
			isa = PBXSourcesBuildPhase;
			buildActionMask = 2147483647;
			files = (
				2DCFF8631F9FEA3E004EF391 /* ViewController.swift in Sources */,
				2DCFF8611F9FEA3E004EF391 /* AppDelegate.swift in Sources */,
			);
			runOnlyForDeploymentPostprocessing = 0;
		};
		2DCFF86D1F9FEA3E004EF391 /* Sources */ = {
			isa = PBXSourcesBuildPhase;
			buildActionMask = 2147483647;
			files = (
				2DCFF8761F9FEA3E004EF391 /* simple_ios_calcTests.swift in Sources */,
			);
			runOnlyForDeploymentPostprocessing = 0;
		};
		2DCFF8781F9FEA3E004EF391 /* Sources */ = {
			isa = PBXSourcesBuildPhase;
			buildActionMask = 2147483647;
			files = (
				2DCFF8811F9FEA3E004EF391 /* simple_ios_calcUITests.swift in Sources */,
			);
			runOnlyForDeploymentPostprocessing = 0;
		};
/* End PBXSourcesBuildPhase section */

/* Begin PBXTargetDependency section */
		2DCFF8731F9FEA3E004EF391 /* PBXTargetDependency */ = {
			isa = PBXTargetDependency;
			target = 2DCFF85C1F9FEA3E004EF391 /* simple-ios-calc */;
			targetProxy = 2DCFF8721F9FEA3E004EF391 /* PBXContainerItemProxy */;
		};
		2DCFF87E1F9FEA3E004EF391 /* PBXTargetDependency */ = {
			isa = PBXTargetDependency;
			target = 2DCFF85C1F9FEA3E004EF391 /* simple-ios-calc */;
			targetProxy = 2DCFF87D1F9FEA3E004EF391 /* PBXContainerItemProxy */;
		};
/* End PBXTargetDependency section */

/* Begin PBXVariantGroup section */
		2DCFF8641F9FEA3E004EF391 /* Main.storyboard */ = {
			isa = PBXVariantGroup;
			children = (
				2DCFF8651F9FEA3E004EF391 /* Base */,
			);
			name = Main.storyboard;
			sourceTree = "<group>";
		};
		2DCFF8691F9FEA3E004EF391 /* LaunchScreen.storyboard */ = {
			isa = PBXVariantGroup;
			children = (
				2DCFF86A1F9FEA3E004EF391 /* Base */,
			);
			name = LaunchScreen.storyboard;
			sourceTree = "<group>";
		};
/* End PBXVariantGroup section */

/* Begin XCBuildConfiguration section */
		2DCFF8831F9FEA3E004EF391 /* Debug */ = {
			isa = XCBuildConfiguration;
			buildSettings = {
				ALWAYS_SEARCH_USER_PATHS = NO;
				CLANG_ANALYZER_NONNULL = YES;
				CLANG_ANALYZER_NUMBER_OBJECT_CONVERSION = YES_AGGRESSIVE;
				CLANG_CXX_LANGUAGE_STANDARD = "gnu++0x";
				CLANG_CXX_LIBRARY = "libc++";
				CLANG_ENABLE_MODULES = YES;
				CLANG_ENABLE_OBJC_ARC = YES;
				CLANG_WARN_BOOL_CONVERSION = YES;
				CLANG_WARN_CONSTANT_CONVERSION = YES;
				CLANG_WARN_DIRECT_OBJC_ISA_USAGE = YES_ERROR;
				CLANG_WARN_DOCUMENTATION_COMMENTS = YES;
				CLANG_WARN_EMPTY_BODY = YES;
				CLANG_WARN_ENUM_CONVERSION = YES;
				CLANG_WARN_INFINITE_RECURSION = YES;
				CLANG_WARN_INT_CONVERSION = YES;
				CLANG_WARN_OBJC_ROOT_CLASS = YES_ERROR;
				CLANG_WARN_SUSPICIOUS_MOVE = YES;
				CLANG_WARN_UNREACHABLE_CODE = YES;
				CLANG_WARN__DUPLICATE_METHOD_MATCH = YES;
				"CODE_SIGN_IDENTITY[sdk=iphoneos*]" = "iPhone Developer";
				COPY_PHASE_STRIP = NO;
				DEBUG_INFORMATION_FORMAT = dwarf;
				ENABLE_STRICT_OBJC_MSGSEND = YES;
				ENABLE_TESTABILITY = YES;
				GCC_C_LANGUAGE_STANDARD = gnu99;
				GCC_DYNAMIC_NO_PIC = NO;
				GCC_NO_COMMON_BLOCKS = YES;
				GCC_OPTIMIZATION_LEVEL = 0;
				GCC_PREPROCESSOR_DEFINITIONS = (
					"DEBUG=1",
					"$(inherited)",
				);
				GCC_WARN_64_TO_32_BIT_CONVERSION = YES;
				GCC_WARN_ABOUT_RETURN_TYPE = YES_ERROR;
				GCC_WARN_UNDECLARED_SELECTOR = YES;
				GCC_WARN_UNINITIALIZED_AUTOS = YES_AGGRESSIVE;
				GCC_WARN_UNUSED_FUNCTION = YES;
				GCC_WARN_UNUSED_VARIABLE = YES;
				IPHONEOS_DEPLOYMENT_TARGET = 10.3;
				MTL_ENABLE_DEBUG_INFO = YES;
				ONLY_ACTIVE_ARCH = YES;
				SDKROOT = iphoneos;
				SWIFT_ACTIVE_COMPILATION_CONDITIONS = DEBUG;
				SWIFT_OPTIMIZATION_LEVEL = "-Onone";
				TARGETED_DEVICE_FAMILY = "1,2";
			};
			name = Debug;
		};
		2DCFF8841F9FEA3E004EF391 /* Release */ = {
			isa = XCBuildConfiguration;
			buildSettings = {
				ALWAYS_SEARCH_USER_PATHS = NO;
				CLANG_ANALYZER_NONNULL = YES;
				CLANG_ANALYZER_NUMBER_OBJECT_CONVERSION = YES_AGGRESSIVE;
				CLANG_CXX_LANGUAGE_STANDARD = "gnu++0x";
				CLANG_CXX_LIBRARY = "libc++";
				CLANG_ENABLE_MODULES = YES;
				CLANG_ENABLE_OBJC_ARC = YES;
				CLANG_WARN_BOOL_CONVERSION = YES;
				CLANG_WARN_CONSTANT_CONVERSION = YES;
				CLANG_WARN_DIRECT_OBJC_ISA_USAGE = YES_ERROR;
				CLANG_WARN_DOCUMENTATION_COMMENTS = YES;
				CLANG_WARN_EMPTY_BODY = YES;
				CLANG_WARN_ENUM_CONVERSION = YES;
				CLANG_WARN_INFINITE_RECURSION = YES;
				CLANG_WARN_INT_CONVERSION = YES;
				CLANG_WARN_OBJC_ROOT_CLASS = YES_ERROR;
				CLANG_WARN_SUSPICIOUS_MOVE = YES;
				CLANG_WARN_UNREACHABLE_CODE = YES;
				CLANG_WARN__DUPLICATE_METHOD_MATCH = YES;
				"CODE_SIGN_IDENTITY[sdk=iphoneos*]" = "iPhone Developer";
				COPY_PHASE_STRIP = NO;
				DEBUG_INFORMATION_FORMAT = "dwarf-with-dsym";
				ENABLE_NS_ASSERTIONS = NO;
				ENABLE_STRICT_OBJC_MSGSEND = YES;
				GCC_C_LANGUAGE_STANDARD = gnu99;
				GCC_NO_COMMON_BLOCKS = YES;
				GCC_WARN_64_TO_32_BIT_CONVERSION = YES;
				GCC_WARN_ABOUT_RETURN_TYPE = YES_ERROR;
				GCC_WARN_UNDECLARED_SELECTOR = YES;
				GCC_WARN_UNINITIALIZED_AUTOS = YES_AGGRESSIVE;
				GCC_WARN_UNUSED_FUNCTION = YES;
				GCC_WARN_UNUSED_VARIABLE = YES;
				IPHONEOS_DEPLOYMENT_TARGET = 10.3;
				MTL_ENABLE_DEBUG_INFO = NO;
				SDKROOT = iphoneos;
				SWIFT_OPTIMIZATION_LEVEL = "-Owholemodule";
				TARGETED_DEVICE_FAMILY = "1,2";
				VALIDATE_PRODUCT = YES;
			};
			name = Release;
		};
		2DCFF8861F9FEA3E004EF391 /* Debug */ = {
			isa = XCBuildConfiguration;
			buildSettings = {
				ASSETCATALOG_COMPILER_APPICON_NAME = AppIcon;
				INFOPLIST_FILE = "simple-ios-calc/Info.plist";
				LD_RUNPATH_SEARCH_PATHS = "$(inherited) @executable_path/Frameworks";
				PRODUCT_BUNDLE_IDENTIFIER = "edu.uw.yongjp94.simple-ios-calc";
				PRODUCT_NAME = "$(TARGET_NAME)";
				SWIFT_VERSION = 3.0;
			};
			name = Debug;
		};
		2DCFF8871F9FEA3E004EF391 /* Release */ = {
			isa = XCBuildConfiguration;
			buildSettings = {
				ASSETCATALOG_COMPILER_APPICON_NAME = AppIcon;
				INFOPLIST_FILE = "simple-ios-calc/Info.plist";
				LD_RUNPATH_SEARCH_PATHS = "$(inherited) @executable_path/Frameworks";
				PRODUCT_BUNDLE_IDENTIFIER = "edu.uw.yongjp94.simple-ios-calc";
				PRODUCT_NAME = "$(TARGET_NAME)";
				SWIFT_VERSION = 3.0;
			};
			name = Release;
		};
		2DCFF8891F9FEA3E004EF391 /* Debug */ = {
			isa = XCBuildConfiguration;
			buildSettings = {
				ALWAYS_EMBED_SWIFT_STANDARD_LIBRARIES = YES;
				BUNDLE_LOADER = "$(TEST_HOST)";
				INFOPLIST_FILE = "simple-ios-calcTests/Info.plist";
				LD_RUNPATH_SEARCH_PATHS = "$(inherited) @executable_path/Frameworks @loader_path/Frameworks";
				PRODUCT_BUNDLE_IDENTIFIER = "edu.uw.yongjp94.simple-ios-calcTests";
				PRODUCT_NAME = "$(TARGET_NAME)";
				SWIFT_VERSION = 3.0;
				TEST_HOST = "$(BUILT_PRODUCTS_DIR)/simple-ios-calc.app/simple-ios-calc";
			};
			name = Debug;
		};
		2DCFF88A1F9FEA3E004EF391 /* Release */ = {
			isa = XCBuildConfiguration;
			buildSettings = {
				ALWAYS_EMBED_SWIFT_STANDARD_LIBRARIES = YES;
				BUNDLE_LOADER = "$(TEST_HOST)";
				INFOPLIST_FILE = "simple-ios-calcTests/Info.plist";
				LD_RUNPATH_SEARCH_PATHS = "$(inherited) @executable_path/Frameworks @loader_path/Frameworks";
				PRODUCT_BUNDLE_IDENTIFIER = "edu.uw.yongjp94.simple-ios-calcTests";
				PRODUCT_NAME = "$(TARGET_NAME)";
				SWIFT_VERSION = 3.0;
				TEST_HOST = "$(BUILT_PRODUCTS_DIR)/simple-ios-calc.app/simple-ios-calc";
			};
			name = Release;
		};
		2DCFF88C1F9FEA3E004EF391 /* Debug */ = {
			isa = XCBuildConfiguration;
			buildSettings = {
				ALWAYS_EMBED_SWIFT_STANDARD_LIBRARIES = YES;
				INFOPLIST_FILE = "simple-ios-calcUITests/Info.plist";
				LD_RUNPATH_SEARCH_PATHS = "$(inherited) @executable_path/Frameworks @loader_path/Frameworks";
				PRODUCT_BUNDLE_IDENTIFIER = "edu.uw.yongjp94.simple-ios-calcUITests";
				PRODUCT_NAME = "$(TARGET_NAME)";
				SWIFT_VERSION = 3.0;
				TEST_TARGET_NAME = "simple-ios-calc";
			};
			name = Debug;
		};
		2DCFF88D1F9FEA3E004EF391 /* Release */ = {
			isa = XCBuildConfiguration;
			buildSettings = {
				ALWAYS_EMBED_SWIFT_STANDARD_LIBRARIES = YES;
				INFOPLIST_FILE = "simple-ios-calcUITests/Info.plist";
				LD_RUNPATH_SEARCH_PATHS = "$(inherited) @executable_path/Frameworks @loader_path/Frameworks";
				PRODUCT_BUNDLE_IDENTIFIER = "edu.uw.yongjp94.simple-ios-calcUITests";
				PRODUCT_NAME = "$(TARGET_NAME)";
				SWIFT_VERSION = 3.0;
				TEST_TARGET_NAME = "simple-ios-calc";
			};
			name = Release;
		};
/* End XCBuildConfiguration section */

/* Begin XCConfigurationList section */
		2DCFF8581F9FEA3E004EF391 /* Build configuration list for PBXProject "simple-ios-calc" */ = {
			isa = XCConfigurationList;
			buildConfigurations = (
				2DCFF8831F9FEA3E004EF391 /* Debug */,
				2DCFF8841F9FEA3E004EF391 /* Release */,
			);
			defaultConfigurationIsVisible = 0;
			defaultConfigurationName = Release;
		};
		2DCFF8851F9FEA3E004EF391 /* Build configuration list for PBXNativeTarget "simple-ios-calc" */ = {
			isa = XCConfigurationList;
			buildConfigurations = (
				2DCFF8861F9FEA3E004EF391 /* Debug */,
				2DCFF8871F9FEA3E004EF391 /* Release */,
			);
			defaultConfigurationIsVisible = 0;
		};
		2DCFF8881F9FEA3E004EF391 /* Build configuration list for PBXNativeTarget "simple-ios-calcTests" */ = {
			isa = XCConfigurationList;
			buildConfigurations = (
				2DCFF8891F9FEA3E004EF391 /* Debug */,
				2DCFF88A1F9FEA3E004EF391 /* Release */,
			);
			defaultConfigurationIsVisible = 0;
		};
		2DCFF88B1F9FEA3E004EF391 /* Build configuration list for PBXNativeTarget "simple-ios-calcUITests" */ = {
			isa = XCConfigurationList;
			buildConfigurations = (
				2DCFF88C1F9FEA3E004EF391 /* Debug */,
				2DCFF88D1F9FEA3E004EF391 /* Release */,
			);
			defaultConfigurationIsVisible = 0;
		};
/* End XCConfigurationList section */
	};
	rootObject = 2DCFF8551F9FEA3E004EF391 /* Project object */;
}
